{
  "originHash" : "fd24573ce9d865a01e75ada4106c75e449411f055184d9810343852a2add4a7b",
  "pins" : [
    {
      "identity" : "swswiftmaterialform",
      "kind" : "remoteSourceControl",
      "location" : "https://github.com/wspaleniak/SWSwiftMaterialForm.git",
      "state" : {
        "revision" : "817b2d81b33f59ecf2c59ac589ad5c10955a19a2",
        "version" : "1.0.0"
      }
    }
  ],
  "version" : 3
}
